{
  "name": "rajputusman",
  "version": "1.3.0",
  "lockfileVersion": 2,
  "requires": true,
  "packages": {
    "": {
      "name": "rajputusman",
      "version": "1.3.0",
      "license": "ISC",
      "dependencies": {
        "colorette": "^2.0.14"
      },
      "bin": {
        "rajputusman": "index.js"
      }
    },
    "node_modules/colorette": {
      "version": "2.0.14",
      "resolved": "https://registry.npmjs.org/colorette/-/colorette-2.0.14.tgz",
      "integrity": "sha512-TLcu0rCLNjDIdKGLGqMtPEAOAZmavC1QCX4mEs3P0mrA/DDoU/tA+Y4UQK/862FkX2TTlbyVIkREZNbf7Y9YwA=="
    }
  },
  "dependencies": {
    "colorette": {
      "version": "2.0.14",
      "resolved": "https://registry.npmjs.org/colorette/-/colorette-2.0.14.tgz",
      "integrity": "sha512-TLcu0rCLNjDIdKGLGqMtPEAOAZmavC1QCX4mEs3P0mrA/DDoU/tA+Y4UQK/862FkX2TTlbyVIkREZNbf7Y9YwA=="
    }
  }
}
